
Microsoft Visual Studio Solution File, Format Version 12.00
# Visual Studio Version 17
VisualStudioVersion = 17.4.33110.190
MinimumVisualStudioVersion = 10.0.40219.1
Project("{FAE04EC0-301F-11D3-BF4B-00C04F79EFBC}") = "Introduction", "Introduction\Introduction.csproj", "{3068D88A-0027-475E-8617-B7A3DB3B04F8}"
EndProject
Project("{FAE04EC0-301F-11D3-BF4B-00C04F79EFBC}") = "Data_types", "Data_types\Data_types.csproj", "{DF898121-5725-4821-A850-38C9C9D5D570}"
EndProject
Project("{FAE04EC0-301F-11D3-BF4B-00C04F79EFBC}") = "Shooter", "Shooter\Shooter.csproj", "{468DA8EF-E71A-48F8-8113-5C54FB0977AC}"
EndProject
Project("{FAE04EC0-301F-11D3-BF4B-00C04F79EFBC}") = "Calc", "Calc\Calc.csproj", "{DFA3C859-FF66-4367-9A58-1C63BCCC8851}"
EndProject
Project("{FAE04EC0-301F-11D3-BF4B-00C04F79EFBC}") = "Arrays", "Arrays\Arrays.csproj", "{3F92D27C-EAA5-43DC-96AF-AED30989B96C}"
EndProject
Global
	GlobalSection(SolutionConfigurationPlatforms) = preSolution
		Debug|Any CPU = Debug|Any CPU
		Release|Any CPU = Release|Any CPU
	EndGlobalSection
	GlobalSection(ProjectConfigurationPlatforms) = postSolution
		{3068D88A-0027-475E-8617-B7A3DB3B04F8}.Debug|Any CPU.ActiveCfg = Debug|Any CPU
		{3068D88A-0027-475E-8617-B7A3DB3B04F8}.Debug|Any CPU.Build.0 = Debug|Any CPU
		{3068D88A-0027-475E-8617-B7A3DB3B04F8}.Release|Any CPU.ActiveCfg = Release|Any CPU
		{3068D88A-0027-475E-8617-B7A3DB3B04F8}.Release|Any CPU.Build.0 = Release|Any CPU
		{DF898121-5725-4821-A850-38C9C9D5D570}.Debug|Any CPU.ActiveCfg = Debug|Any CPU
		{DF898121-5725-4821-A850-38C9C9D5D570}.Debug|Any CPU.Build.0 = Debug|Any CPU
		{DF898121-5725-4821-A850-38C9C9D5D570}.Release|Any CPU.ActiveCfg = Release|Any CPU
		{DF898121-5725-4821-A850-38C9C9D5D570}.Release|Any CPU.Build.0 = Release|Any CPU
		{468DA8EF-E71A-48F8-8113-5C54FB0977AC}.Debug|Any CPU.ActiveCfg = Debug|Any CPU
		{468DA8EF-E71A-48F8-8113-5C54FB0977AC}.Debug|Any CPU.Build.0 = Debug|Any CPU
		{468DA8EF-E71A-48F8-8113-5C54FB0977AC}.Release|Any CPU.ActiveCfg = Release|Any CPU
		{468DA8EF-E71A-48F8-8113-5C54FB0977AC}.Release|Any CPU.Build.0 = Release|Any CPU
		{DFA3C859-FF66-4367-9A58-1C63BCCC8851}.Debug|Any CPU.ActiveCfg = Debug|Any CPU
		{DFA3C859-FF66-4367-9A58-1C63BCCC8851}.Debug|Any CPU.Build.0 = Debug|Any CPU
		{DFA3C859-FF66-4367-9A58-1C63BCCC8851}.Release|Any CPU.ActiveCfg = Release|Any CPU
		{DFA3C859-FF66-4367-9A58-1C63BCCC8851}.Release|Any CPU.Build.0 = Release|Any CPU
		{3F92D27C-EAA5-43DC-96AF-AED30989B96C}.Debug|Any CPU.ActiveCfg = Debug|Any CPU
		{3F92D27C-EAA5-43DC-96AF-AED30989B96C}.Debug|Any CPU.Build.0 = Debug|Any CPU
		{3F92D27C-EAA5-43DC-96AF-AED30989B96C}.Release|Any CPU.ActiveCfg = Release|Any CPU
		{3F92D27C-EAA5-43DC-96AF-AED30989B96C}.Release|Any CPU.Build.0 = Release|Any CPU
	EndGlobalSection
	GlobalSection(SolutionProperties) = preSolution
		HideSolutionNode = FALSE
	EndGlobalSection
	GlobalSection(ExtensibilityGlobals) = postSolution
		SolutionGuid = {E5C7E57F-0695-4FDF-8E87-2D65A65A4F4D}
	EndGlobalSection
EndGlobal
